
Microsoft Visual Studio Solution File, Format Version 12.00
# Visual Studio Version 17
VisualStudioVersion = 17.0.31903.59
MinimumVisualStudioVersion = 10.0.40219.1
Project("{9A19103F-16F7-4668-BE54-9A1E7A4F7556}") = "PersonalityTest.Client", "PersonalityTest.Client\PersonalityTest.Client.csproj", "{74FFFB57-1356-4BBF-9F24-45C2814E7C19}"
EndProject
Project("{2150E333-8FDC-42A3-9474-1A3956D46DE8}") = "PersonalityTest Subsystem", "PersonalityTest Subsystem", "{2054E401-D955-44EF-86B0-2C392540FB5E}"
EndProject
Project("{9A19103F-16F7-4668-BE54-9A1E7A4F7556}") = "PersonalityTest", "PersonalityTest\PersonalityTest.csproj", "{D0E8D7B3-3E9F-4000-80F7-56779A211CE5}"
EndProject
Project("{9A19103F-16F7-4668-BE54-9A1E7A4F7556}") = "PersonalityTest.Contract", "PersonalityTest.Contract\PersonalityTest.Contract.csproj", "{5EE49443-3A9D-442C-83EC-50EF9C431AF0}"
EndProject
Project("{2150E333-8FDC-42A3-9474-1A3956D46DE8}") = "Infrastructure", "Infrastructure", "{D53C2857-94C6-427E-AFA1-2084D944E1FA}"
EndProject
Project("{9A19103F-16F7-4668-BE54-9A1E7A4F7556}") = "PersonalityTest.Infrasturcture", "PersonalityTest.Infrasturcture\PersonalityTest.Infrasturcture.csproj", "{50F48E3B-8B27-4565-B456-4011D6B8F1C3}"
EndProject
Project("{2150E333-8FDC-42A3-9474-1A3956D46DE8}") = "DB", "DB", "{A238C065-16E2-48DE-AB80-2FA842DF09CC}"
EndProject
Project("{9A19103F-16F7-4668-BE54-9A1E7A4F7556}") = "PersonalityTest.Data", "PersonalityTest.Data\PersonalityTest.Data.csproj", "{F56F3D51-69C8-4E25-961C-FCB0CBDEB150}"
EndProject
Project("{FAE04EC0-301F-11D3-BF4B-00C04F79EFBC}") = "PersonalityTest.Tests", "PersonalityTest.Tests\PersonalityTest.Tests.csproj", "{25B9E4F9-785C-4A82-80F2-EF3748162C2A}"
EndProject
Global
	GlobalSection(SolutionConfigurationPlatforms) = preSolution
		Debug|Any CPU = Debug|Any CPU
		Release|Any CPU = Release|Any CPU
	EndGlobalSection
	GlobalSection(ProjectConfigurationPlatforms) = postSolution
		{74FFFB57-1356-4BBF-9F24-45C2814E7C19}.Debug|Any CPU.ActiveCfg = Debug|Any CPU
		{74FFFB57-1356-4BBF-9F24-45C2814E7C19}.Debug|Any CPU.Build.0 = Debug|Any CPU
		{74FFFB57-1356-4BBF-9F24-45C2814E7C19}.Release|Any CPU.ActiveCfg = Release|Any CPU
		{74FFFB57-1356-4BBF-9F24-45C2814E7C19}.Release|Any CPU.Build.0 = Release|Any CPU
		{D0E8D7B3-3E9F-4000-80F7-56779A211CE5}.Debug|Any CPU.ActiveCfg = Debug|Any CPU
		{D0E8D7B3-3E9F-4000-80F7-56779A211CE5}.Debug|Any CPU.Build.0 = Debug|Any CPU
		{D0E8D7B3-3E9F-4000-80F7-56779A211CE5}.Release|Any CPU.ActiveCfg = Release|Any CPU
		{D0E8D7B3-3E9F-4000-80F7-56779A211CE5}.Release|Any CPU.Build.0 = Release|Any CPU
		{5EE49443-3A9D-442C-83EC-50EF9C431AF0}.Debug|Any CPU.ActiveCfg = Debug|Any CPU
		{5EE49443-3A9D-442C-83EC-50EF9C431AF0}.Debug|Any CPU.Build.0 = Debug|Any CPU
		{5EE49443-3A9D-442C-83EC-50EF9C431AF0}.Release|Any CPU.ActiveCfg = Release|Any CPU
		{5EE49443-3A9D-442C-83EC-50EF9C431AF0}.Release|Any CPU.Build.0 = Release|Any CPU
		{50F48E3B-8B27-4565-B456-4011D6B8F1C3}.Debug|Any CPU.ActiveCfg = Debug|Any CPU
		{50F48E3B-8B27-4565-B456-4011D6B8F1C3}.Debug|Any CPU.Build.0 = Debug|Any CPU
		{50F48E3B-8B27-4565-B456-4011D6B8F1C3}.Release|Any CPU.ActiveCfg = Release|Any CPU
		{50F48E3B-8B27-4565-B456-4011D6B8F1C3}.Release|Any CPU.Build.0 = Release|Any CPU
		{F56F3D51-69C8-4E25-961C-FCB0CBDEB150}.Debug|Any CPU.ActiveCfg = Debug|Any CPU
		{F56F3D51-69C8-4E25-961C-FCB0CBDEB150}.Debug|Any CPU.Build.0 = Debug|Any CPU
		{F56F3D51-69C8-4E25-961C-FCB0CBDEB150}.Release|Any CPU.ActiveCfg = Release|Any CPU
		{F56F3D51-69C8-4E25-961C-FCB0CBDEB150}.Release|Any CPU.Build.0 = Release|Any CPU
		{25B9E4F9-785C-4A82-80F2-EF3748162C2A}.Debug|Any CPU.ActiveCfg = Debug|Any CPU
		{25B9E4F9-785C-4A82-80F2-EF3748162C2A}.Debug|Any CPU.Build.0 = Debug|Any CPU
		{25B9E4F9-785C-4A82-80F2-EF3748162C2A}.Release|Any CPU.ActiveCfg = Release|Any CPU
		{25B9E4F9-785C-4A82-80F2-EF3748162C2A}.Release|Any CPU.Build.0 = Release|Any CPU
	EndGlobalSection
	GlobalSection(SolutionProperties) = preSolution
		HideSolutionNode = FALSE
	EndGlobalSection
	GlobalSection(NestedProjects) = preSolution
		{D0E8D7B3-3E9F-4000-80F7-56779A211CE5} = {2054E401-D955-44EF-86B0-2C392540FB5E}
		{5EE49443-3A9D-442C-83EC-50EF9C431AF0} = {2054E401-D955-44EF-86B0-2C392540FB5E}
		{50F48E3B-8B27-4565-B456-4011D6B8F1C3} = {D53C2857-94C6-427E-AFA1-2084D944E1FA}
		{F56F3D51-69C8-4E25-961C-FCB0CBDEB150} = {A238C065-16E2-48DE-AB80-2FA842DF09CC}
		{25B9E4F9-785C-4A82-80F2-EF3748162C2A} = {2054E401-D955-44EF-86B0-2C392540FB5E}
	EndGlobalSection
	GlobalSection(ExtensibilityGlobals) = postSolution
		SolutionGuid = {8F81C17D-F021-49B0-BB6C-AFC159DDC242}
	EndGlobalSection
EndGlobal
